
Microsoft Visual Studio Solution File, Format Version 12.00
# Visual Studio 14
VisualStudioVersion = 14.0.24720.0
MinimumVisualStudioVersion = 10.0.40219.1
Project("{8BC9CEB8-8B4A-11D0-8D11-00A0C91BC942}") = "CLib.Shared", "CLib\CLib.Shared\CLib.Shared.vcxitems", "{3429EE4E-E137-44E9-B04B-AAF6ED35549F}"
EndProject
Project("{8BC9CEB8-8B4A-11D0-8D11-00A0C91BC942}") = "CLib.Android", "CLib\CLib.Android\CLib.Android.vcxproj", "{C38DE37A-4989-459C-B662-36C35A6287D5}"
EndProject
Project("{8BC9CEB8-8B4A-11D0-8D11-00A0C91BC942}") = "CLib.iOS", "CLib\CLib.iOS\CLib.iOS.vcxproj", "{78F14123-B674-408F-9E32-9A761DFB9852}"
EndProject
Project("{FAE04EC0-301F-11D3-BF4B-00C04F79EFBC}") = "iOS", "iOS\iOS.csproj", "{72FDBD16-5DE2-42EE-82EF-0052D07E2559}"
EndProject
Project("{FAE04EC0-301F-11D3-BF4B-00C04F79EFBC}") = "Droid", "Droid\Droid.csproj", "{A7C1129F-06AE-49BC-A28E-DDEDE672C463}"
EndProject
Project("{D954291E-2A0B-460D-934E-DC6B0785DB48}") = "XamarinShared", "XamarinShared\XamarinShared.shproj", "{D1DDF114-1A02-4C3F-9612-8DCBEBE71D96}"
EndProject
Global
	GlobalSection(SharedMSBuildProjectFiles) = preSolution
		CLib\CLib.Shared\CLib.Shared.vcxitems*{c38de37a-4989-459c-b662-36c35a6287d5}*SharedItemsImports = 4
		XamarinShared\XamarinShared.projitems*{72fdbd16-5de2-42ee-82ef-0052d07e2559}*SharedItemsImports = 4
		XamarinShared\XamarinShared.projitems*{d1ddf114-1a02-4c3f-9612-8dcbebe71d96}*SharedItemsImports = 13
		CLib\CLib.Shared\CLib.Shared.vcxitems*{78f14123-b674-408f-9e32-9a761dfb9852}*SharedItemsImports = 4
		XamarinShared\XamarinShared.projitems*{a7c1129f-06ae-49bc-a28e-ddede672c463}*SharedItemsImports = 4
		CLib\CLib.Shared\CLib.Shared.vcxitems*{3429ee4e-e137-44e9-b04b-aaf6ed35549f}*SharedItemsImports = 9
	EndGlobalSection
	GlobalSection(SolutionConfigurationPlatforms) = preSolution
		Ad-Hoc|Any CPU = Ad-Hoc|Any CPU
		Ad-Hoc|ARM = Ad-Hoc|ARM
		Ad-Hoc|ARM64 = Ad-Hoc|ARM64
		Ad-Hoc|iPhone = Ad-Hoc|iPhone
		Ad-Hoc|iPhoneSimulator = Ad-Hoc|iPhoneSimulator
		Ad-Hoc|x64 = Ad-Hoc|x64
		Ad-Hoc|x86 = Ad-Hoc|x86
		AppStore|Any CPU = AppStore|Any CPU
		AppStore|ARM = AppStore|ARM
		AppStore|ARM64 = AppStore|ARM64
		AppStore|iPhone = AppStore|iPhone
		AppStore|iPhoneSimulator = AppStore|iPhoneSimulator
		AppStore|x64 = AppStore|x64
		AppStore|x86 = AppStore|x86
		Debug|Any CPU = Debug|Any CPU
		Debug|ARM = Debug|ARM
		Debug|ARM64 = Debug|ARM64
		Debug|iPhone = Debug|iPhone
		Debug|iPhoneSimulator = Debug|iPhoneSimulator
		Debug|x64 = Debug|x64
		Debug|x86 = Debug|x86
		Release|Any CPU = Release|Any CPU
		Release|ARM = Release|ARM
		Release|ARM64 = Release|ARM64
		Release|iPhone = Release|iPhone
		Release|iPhoneSimulator = Release|iPhoneSimulator
		Release|x64 = Release|x64
		Release|x86 = Release|x86
	EndGlobalSection
	GlobalSection(ProjectConfigurationPlatforms) = postSolution
		{C38DE37A-4989-459C-B662-36C35A6287D5}.Ad-Hoc|Any CPU.ActiveCfg = Debug|x64
		{C38DE37A-4989-459C-B662-36C35A6287D5}.Ad-Hoc|Any CPU.Build.0 = Debug|x64
		{C38DE37A-4989-459C-B662-36C35A6287D5}.Ad-Hoc|ARM.ActiveCfg = Release|ARM
		{C38DE37A-4989-459C-B662-36C35A6287D5}.Ad-Hoc|ARM.Build.0 = Release|ARM
		{C38DE37A-4989-459C-B662-36C35A6287D5}.Ad-Hoc|ARM64.ActiveCfg = Release|ARM64
		{C38DE37A-4989-459C-B662-36C35A6287D5}.Ad-Hoc|ARM64.Build.0 = Release|ARM64
		{C38DE37A-4989-459C-B662-36C35A6287D5}.Ad-Hoc|iPhone.ActiveCfg = Release|x86
		{C38DE37A-4989-459C-B662-36C35A6287D5}.Ad-Hoc|iPhone.Build.0 = Release|x86
		{C38DE37A-4989-459C-B662-36C35A6287D5}.Ad-Hoc|iPhoneSimulator.ActiveCfg = Release|x86
		{C38DE37A-4989-459C-B662-36C35A6287D5}.Ad-Hoc|iPhoneSimulator.Build.0 = Release|x86
		{C38DE37A-4989-459C-B662-36C35A6287D5}.Ad-Hoc|x64.ActiveCfg = Release|x64
		{C38DE37A-4989-459C-B662-36C35A6287D5}.Ad-Hoc|x64.Build.0 = Release|x64
		{C38DE37A-4989-459C-B662-36C35A6287D5}.Ad-Hoc|x86.ActiveCfg = Release|x86
		{C38DE37A-4989-459C-B662-36C35A6287D5}.Ad-Hoc|x86.Build.0 = Release|x86
		{C38DE37A-4989-459C-B662-36C35A6287D5}.AppStore|Any CPU.ActiveCfg = Debug|x64
		{C38DE37A-4989-459C-B662-36C35A6287D5}.AppStore|Any CPU.Build.0 = Debug|x64
		{C38DE37A-4989-459C-B662-36C35A6287D5}.AppStore|ARM.ActiveCfg = Release|ARM
		{C38DE37A-4989-459C-B662-36C35A6287D5}.AppStore|ARM.Build.0 = Release|ARM
		{C38DE37A-4989-459C-B662-36C35A6287D5}.AppStore|ARM64.ActiveCfg = Release|ARM64
		{C38DE37A-4989-459C-B662-36C35A6287D5}.AppStore|ARM64.Build.0 = Release|ARM64
		{C38DE37A-4989-459C-B662-36C35A6287D5}.AppStore|iPhone.ActiveCfg = Release|x86
		{C38DE37A-4989-459C-B662-36C35A6287D5}.AppStore|iPhone.Build.0 = Release|x86
		{C38DE37A-4989-459C-B662-36C35A6287D5}.AppStore|iPhoneSimulator.ActiveCfg = Release|x86
		{C38DE37A-4989-459C-B662-36C35A6287D5}.AppStore|iPhoneSimulator.Build.0 = Release|x86
		{C38DE37A-4989-459C-B662-36C35A6287D5}.AppStore|x64.ActiveCfg = Release|x64
		{C38DE37A-4989-459C-B662-36C35A6287D5}.AppStore|x64.Build.0 = Release|x64
		{C38DE37A-4989-459C-B662-36C35A6287D5}.AppStore|x86.ActiveCfg = Release|x86
		{C38DE37A-4989-459C-B662-36C35A6287D5}.AppStore|x86.Build.0 = Release|x86
		{C38DE37A-4989-459C-B662-36C35A6287D5}.Debug|Any CPU.ActiveCfg = Debug|x86
		{C38DE37A-4989-459C-B662-36C35A6287D5}.Debug|ARM.ActiveCfg = Debug|ARM
		{C38DE37A-4989-459C-B662-36C35A6287D5}.Debug|ARM.Build.0 = Debug|ARM
		{C38DE37A-4989-459C-B662-36C35A6287D5}.Debug|ARM64.ActiveCfg = Debug|ARM64
		{C38DE37A-4989-459C-B662-36C35A6287D5}.Debug|ARM64.Build.0 = Debug|ARM64
		{C38DE37A-4989-459C-B662-36C35A6287D5}.Debug|iPhone.ActiveCfg = Debug|x86
		{C38DE37A-4989-459C-B662-36C35A6287D5}.Debug|iPhoneSimulator.ActiveCfg = Debug|x86
		{C38DE37A-4989-459C-B662-36C35A6287D5}.Debug|x64.ActiveCfg = Debug|x64
		{C38DE37A-4989-459C-B662-36C35A6287D5}.Debug|x64.Build.0 = Debug|x64
		{C38DE37A-4989-459C-B662-36C35A6287D5}.Debug|x86.ActiveCfg = Debug|x86
		{C38DE37A-4989-459C-B662-36C35A6287D5}.Debug|x86.Build.0 = Debug|x86
		{C38DE37A-4989-459C-B662-36C35A6287D5}.Release|Any CPU.ActiveCfg = Release|x86
		{C38DE37A-4989-459C-B662-36C35A6287D5}.Release|ARM.ActiveCfg = Release|ARM
		{C38DE37A-4989-459C-B662-36C35A6287D5}.Release|ARM.Build.0 = Release|ARM
		{C38DE37A-4989-459C-B662-36C35A6287D5}.Release|ARM64.ActiveCfg = Release|ARM64
		{C38DE37A-4989-459C-B662-36C35A6287D5}.Release|ARM64.Build.0 = Release|ARM64
		{C38DE37A-4989-459C-B662-36C35A6287D5}.Release|iPhone.ActiveCfg = Release|x86
		{C38DE37A-4989-459C-B662-36C35A6287D5}.Release|iPhoneSimulator.ActiveCfg = Release|x86
		{C38DE37A-4989-459C-B662-36C35A6287D5}.Release|x64.ActiveCfg = Release|x64
		{C38DE37A-4989-459C-B662-36C35A6287D5}.Release|x64.Build.0 = Release|x64
		{C38DE37A-4989-459C-B662-36C35A6287D5}.Release|x86.ActiveCfg = Release|x86
		{C38DE37A-4989-459C-B662-36C35A6287D5}.Release|x86.Build.0 = Release|x86
		{78F14123-B674-408F-9E32-9A761DFB9852}.Ad-Hoc|Any CPU.ActiveCfg = Debug|x64
		{78F14123-B674-408F-9E32-9A761DFB9852}.Ad-Hoc|Any CPU.Build.0 = Debug|x64
		{78F14123-B674-408F-9E32-9A761DFB9852}.Ad-Hoc|ARM.ActiveCfg = Release|ARM
		{78F14123-B674-408F-9E32-9A761DFB9852}.Ad-Hoc|ARM.Build.0 = Release|ARM
		{78F14123-B674-408F-9E32-9A761DFB9852}.Ad-Hoc|ARM64.ActiveCfg = Release|ARM64
		{78F14123-B674-408F-9E32-9A761DFB9852}.Ad-Hoc|ARM64.Build.0 = Release|ARM64
		{78F14123-B674-408F-9E32-9A761DFB9852}.Ad-Hoc|iPhone.ActiveCfg = Release|x86
		{78F14123-B674-408F-9E32-9A761DFB9852}.Ad-Hoc|iPhone.Build.0 = Release|x86
		{78F14123-B674-408F-9E32-9A761DFB9852}.Ad-Hoc|iPhoneSimulator.ActiveCfg = Release|x86
		{78F14123-B674-408F-9E32-9A761DFB9852}.Ad-Hoc|iPhoneSimulator.Build.0 = Release|x86
		{78F14123-B674-408F-9E32-9A761DFB9852}.Ad-Hoc|x64.ActiveCfg = Release|x64
		{78F14123-B674-408F-9E32-9A761DFB9852}.Ad-Hoc|x64.Build.0 = Release|x64
		{78F14123-B674-408F-9E32-9A761DFB9852}.Ad-Hoc|x86.ActiveCfg = Release|x86
		{78F14123-B674-408F-9E32-9A761DFB9852}.Ad-Hoc|x86.Build.0 = Release|x86
		{78F14123-B674-408F-9E32-9A761DFB9852}.AppStore|Any CPU.ActiveCfg = Debug|x64
		{78F14123-B674-408F-9E32-9A761DFB9852}.AppStore|Any CPU.Build.0 = Debug|x64
		{78F14123-B674-408F-9E32-9A761DFB9852}.AppStore|ARM.ActiveCfg = Release|ARM
		{78F14123-B674-408F-9E32-9A761DFB9852}.AppStore|ARM.Build.0 = Release|ARM
		{78F14123-B674-408F-9E32-9A761DFB9852}.AppStore|ARM64.ActiveCfg = Release|ARM64
		{78F14123-B674-408F-9E32-9A761DFB9852}.AppStore|ARM64.Build.0 = Release|ARM64
		{78F14123-B674-408F-9E32-9A761DFB9852}.AppStore|iPhone.ActiveCfg = Release|x86
		{78F14123-B674-408F-9E32-9A761DFB9852}.AppStore|iPhone.Build.0 = Release|x86
		{78F14123-B674-408F-9E32-9A761DFB9852}.AppStore|iPhoneSimulator.ActiveCfg = Release|x86
		{78F14123-B674-408F-9E32-9A761DFB9852}.AppStore|iPhoneSimulator.Build.0 = Release|x86
		{78F14123-B674-408F-9E32-9A761DFB9852}.AppStore|x64.ActiveCfg = Release|x64
		{78F14123-B674-408F-9E32-9A761DFB9852}.AppStore|x64.Build.0 = Release|x64
		{78F14123-B674-408F-9E32-9A761DFB9852}.AppStore|x86.ActiveCfg = Release|x86
		{78F14123-B674-408F-9E32-9A761DFB9852}.AppStore|x86.Build.0 = Release|x86
		{78F14123-B674-408F-9E32-9A761DFB9852}.Debug|Any CPU.ActiveCfg = Debug|x86
		{78F14123-B674-408F-9E32-9A761DFB9852}.Debug|ARM.ActiveCfg = Debug|ARM
		{78F14123-B674-408F-9E32-9A761DFB9852}.Debug|ARM.Build.0 = Debug|ARM
		{78F14123-B674-408F-9E32-9A761DFB9852}.Debug|ARM64.ActiveCfg = Debug|ARM64
		{78F14123-B674-408F-9E32-9A761DFB9852}.Debug|ARM64.Build.0 = Debug|ARM64
		{78F14123-B674-408F-9E32-9A761DFB9852}.Debug|iPhone.ActiveCfg = Debug|x86
		{78F14123-B674-408F-9E32-9A761DFB9852}.Debug|iPhoneSimulator.ActiveCfg = Debug|x86
		{78F14123-B674-408F-9E32-9A761DFB9852}.Debug|x64.ActiveCfg = Debug|x64
		{78F14123-B674-408F-9E32-9A761DFB9852}.Debug|x64.Build.0 = Debug|x64
		{78F14123-B674-408F-9E32-9A761DFB9852}.Debug|x86.ActiveCfg = Debug|x86
		{78F14123-B674-408F-9E32-9A761DFB9852}.Debug|x86.Build.0 = Debug|x86
		{78F14123-B674-408F-9E32-9A761DFB9852}.Release|Any CPU.ActiveCfg = Release|x86
		{78F14123-B674-408F-9E32-9A761DFB9852}.Release|ARM.ActiveCfg = Release|ARM
		{78F14123-B674-408F-9E32-9A761DFB9852}.Release|ARM.Build.0 = Release|ARM
		{78F14123-B674-408F-9E32-9A761DFB9852}.Release|ARM64.ActiveCfg = Release|ARM64
		{78F14123-B674-408F-9E32-9A761DFB9852}.Release|ARM64.Build.0 = Release|ARM64
		{78F14123-B674-408F-9E32-9A761DFB9852}.Release|iPhone.ActiveCfg = Release|x86
		{78F14123-B674-408F-9E32-9A761DFB9852}.Release|iPhoneSimulator.ActiveCfg = Release|x86
		{78F14123-B674-408F-9E32-9A761DFB9852}.Release|x64.ActiveCfg = Release|x64
		{78F14123-B674-408F-9E32-9A761DFB9852}.Release|x64.Build.0 = Release|x64
		{78F14123-B674-408F-9E32-9A761DFB9852}.Release|x86.ActiveCfg = Release|x86
		{78F14123-B674-408F-9E32-9A761DFB9852}.Release|x86.Build.0 = Release|x86
		{72FDBD16-5DE2-42EE-82EF-0052D07E2559}.Ad-Hoc|Any CPU.ActiveCfg = Ad-Hoc|iPhone
		{72FDBD16-5DE2-42EE-82EF-0052D07E2559}.Ad-Hoc|ARM.ActiveCfg = Ad-Hoc|iPhone
		{72FDBD16-5DE2-42EE-82EF-0052D07E2559}.Ad-Hoc|ARM64.ActiveCfg = Ad-Hoc|iPhone
		{72FDBD16-5DE2-42EE-82EF-0052D07E2559}.Ad-Hoc|iPhone.ActiveCfg = Ad-Hoc|iPhone
		{72FDBD16-5DE2-42EE-82EF-0052D07E2559}.Ad-Hoc|iPhone.Build.0 = Ad-Hoc|iPhone
		{72FDBD16-5DE2-42EE-82EF-0052D07E2559}.Ad-Hoc|iPhoneSimulator.ActiveCfg = Ad-Hoc|iPhoneSimulator
		{72FDBD16-5DE2-42EE-82EF-0052D07E2559}.Ad-Hoc|iPhoneSimulator.Build.0 = Ad-Hoc|iPhoneSimulator
		{72FDBD16-5DE2-42EE-82EF-0052D07E2559}.Ad-Hoc|x64.ActiveCfg = Ad-Hoc|iPhone
		{72FDBD16-5DE2-42EE-82EF-0052D07E2559}.Ad-Hoc|x86.ActiveCfg = Ad-Hoc|iPhone
		{72FDBD16-5DE2-42EE-82EF-0052D07E2559}.AppStore|Any CPU.ActiveCfg = AppStore|iPhone
		{72FDBD16-5DE2-42EE-82EF-0052D07E2559}.AppStore|ARM.ActiveCfg = AppStore|iPhone
		{72FDBD16-5DE2-42EE-82EF-0052D07E2559}.AppStore|ARM64.ActiveCfg = AppStore|iPhone
		{72FDBD16-5DE2-42EE-82EF-0052D07E2559}.AppStore|iPhone.ActiveCfg = AppStore|iPhone
		{72FDBD16-5DE2-42EE-82EF-0052D07E2559}.AppStore|iPhone.Build.0 = AppStore|iPhone
		{72FDBD16-5DE2-42EE-82EF-0052D07E2559}.AppStore|iPhoneSimulator.ActiveCfg = AppStore|iPhoneSimulator
		{72FDBD16-5DE2-42EE-82EF-0052D07E2559}.AppStore|iPhoneSimulator.Build.0 = AppStore|iPhoneSimulator
		{72FDBD16-5DE2-42EE-82EF-0052D07E2559}.AppStore|x64.ActiveCfg = AppStore|iPhone
		{72FDBD16-5DE2-42EE-82EF-0052D07E2559}.AppStore|x86.ActiveCfg = AppStore|iPhone
		{72FDBD16-5DE2-42EE-82EF-0052D07E2559}.Debug|Any CPU.ActiveCfg = Debug|iPhone
		{72FDBD16-5DE2-42EE-82EF-0052D07E2559}.Debug|ARM.ActiveCfg = Debug|iPhone
		{72FDBD16-5DE2-42EE-82EF-0052D07E2559}.Debug|ARM64.ActiveCfg = Debug|iPhone
		{72FDBD16-5DE2-42EE-82EF-0052D07E2559}.Debug|iPhone.ActiveCfg = Debug|iPhone
		{72FDBD16-5DE2-42EE-82EF-0052D07E2559}.Debug|iPhone.Build.0 = Debug|iPhone
		{72FDBD16-5DE2-42EE-82EF-0052D07E2559}.Debug|iPhoneSimulator.ActiveCfg = Debug|iPhoneSimulator
		{72FDBD16-5DE2-42EE-82EF-0052D07E2559}.Debug|iPhoneSimulator.Build.0 = Debug|iPhoneSimulator
		{72FDBD16-5DE2-42EE-82EF-0052D07E2559}.Debug|x64.ActiveCfg = Debug|iPhone
		{72FDBD16-5DE2-42EE-82EF-0052D07E2559}.Debug|x86.ActiveCfg = Debug|iPhone
		{72FDBD16-5DE2-42EE-82EF-0052D07E2559}.Release|Any CPU.ActiveCfg = Release|iPhone
		{72FDBD16-5DE2-42EE-82EF-0052D07E2559}.Release|ARM.ActiveCfg = Release|iPhone
		{72FDBD16-5DE2-42EE-82EF-0052D07E2559}.Release|ARM64.ActiveCfg = Release|iPhone
		{72FDBD16-5DE2-42EE-82EF-0052D07E2559}.Release|iPhone.ActiveCfg = Release|iPhone
		{72FDBD16-5DE2-42EE-82EF-0052D07E2559}.Release|iPhone.Build.0 = Release|iPhone
		{72FDBD16-5DE2-42EE-82EF-0052D07E2559}.Release|iPhoneSimulator.ActiveCfg = Release|iPhoneSimulator
		{72FDBD16-5DE2-42EE-82EF-0052D07E2559}.Release|iPhoneSimulator.Build.0 = Release|iPhoneSimulator
		{72FDBD16-5DE2-42EE-82EF-0052D07E2559}.Release|x64.ActiveCfg = Release|iPhone
		{72FDBD16-5DE2-42EE-82EF-0052D07E2559}.Release|x86.ActiveCfg = Release|iPhone
		{A7C1129F-06AE-49BC-A28E-DDEDE672C463}.Ad-Hoc|Any CPU.ActiveCfg = Release|Any CPU
		{A7C1129F-06AE-49BC-A28E-DDEDE672C463}.Ad-Hoc|Any CPU.Build.0 = Release|Any CPU
		{A7C1129F-06AE-49BC-A28E-DDEDE672C463}.Ad-Hoc|Any CPU.Deploy.0 = Release|Any CPU
		{A7C1129F-06AE-49BC-A28E-DDEDE672C463}.Ad-Hoc|ARM.ActiveCfg = Release|Any CPU
		{A7C1129F-06AE-49BC-A28E-DDEDE672C463}.Ad-Hoc|ARM.Build.0 = Release|Any CPU
		{A7C1129F-06AE-49BC-A28E-DDEDE672C463}.Ad-Hoc|ARM.Deploy.0 = Release|Any CPU
		{A7C1129F-06AE-49BC-A28E-DDEDE672C463}.Ad-Hoc|ARM64.ActiveCfg = Release|Any CPU
		{A7C1129F-06AE-49BC-A28E-DDEDE672C463}.Ad-Hoc|ARM64.Build.0 = Release|Any CPU
		{A7C1129F-06AE-49BC-A28E-DDEDE672C463}.Ad-Hoc|ARM64.Deploy.0 = Release|Any CPU
		{A7C1129F-06AE-49BC-A28E-DDEDE672C463}.Ad-Hoc|iPhone.ActiveCfg = Release|Any CPU
		{A7C1129F-06AE-49BC-A28E-DDEDE672C463}.Ad-Hoc|iPhone.Build.0 = Release|Any CPU
		{A7C1129F-06AE-49BC-A28E-DDEDE672C463}.Ad-Hoc|iPhone.Deploy.0 = Release|Any CPU
		{A7C1129F-06AE-49BC-A28E-DDEDE672C463}.Ad-Hoc|iPhoneSimulator.ActiveCfg = Release|Any CPU
		{A7C1129F-06AE-49BC-A28E-DDEDE672C463}.Ad-Hoc|iPhoneSimulator.Build.0 = Release|Any CPU
		{A7C1129F-06AE-49BC-A28E-DDEDE672C463}.Ad-Hoc|iPhoneSimulator.Deploy.0 = Release|Any CPU
		{A7C1129F-06AE-49BC-A28E-DDEDE672C463}.Ad-Hoc|x64.ActiveCfg = Release|Any CPU
		{A7C1129F-06AE-49BC-A28E-DDEDE672C463}.Ad-Hoc|x64.Build.0 = Release|Any CPU
		{A7C1129F-06AE-49BC-A28E-DDEDE672C463}.Ad-Hoc|x64.Deploy.0 = Release|Any CPU
		{A7C1129F-06AE-49BC-A28E-DDEDE672C463}.Ad-Hoc|x86.ActiveCfg = Release|Any CPU
		{A7C1129F-06AE-49BC-A28E-DDEDE672C463}.Ad-Hoc|x86.Build.0 = Release|Any CPU
		{A7C1129F-06AE-49BC-A28E-DDEDE672C463}.Ad-Hoc|x86.Deploy.0 = Release|Any CPU
		{A7C1129F-06AE-49BC-A28E-DDEDE672C463}.AppStore|Any CPU.ActiveCfg = Release|Any CPU
		{A7C1129F-06AE-49BC-A28E-DDEDE672C463}.AppStore|Any CPU.Build.0 = Release|Any CPU
		{A7C1129F-06AE-49BC-A28E-DDEDE672C463}.AppStore|Any CPU.Deploy.0 = Release|Any CPU
		{A7C1129F-06AE-49BC-A28E-DDEDE672C463}.AppStore|ARM.ActiveCfg = Release|Any CPU
		{A7C1129F-06AE-49BC-A28E-DDEDE672C463}.AppStore|ARM.Build.0 = Release|Any CPU
		{A7C1129F-06AE-49BC-A28E-DDEDE672C463}.AppStore|ARM.Deploy.0 = Release|Any CPU
		{A7C1129F-06AE-49BC-A28E-DDEDE672C463}.AppStore|ARM64.ActiveCfg = Release|Any CPU
		{A7C1129F-06AE-49BC-A28E-DDEDE672C463}.AppStore|ARM64.Build.0 = Release|Any CPU
		{A7C1129F-06AE-49BC-A28E-DDEDE672C463}.AppStore|ARM64.Deploy.0 = Release|Any CPU
		{A7C1129F-06AE-49BC-A28E-DDEDE672C463}.AppStore|iPhone.ActiveCfg = Release|Any CPU
		{A7C1129F-06AE-49BC-A28E-DDEDE672C463}.AppStore|iPhone.Build.0 = Release|Any CPU
		{A7C1129F-06AE-49BC-A28E-DDEDE672C463}.AppStore|iPhone.Deploy.0 = Release|Any CPU
		{A7C1129F-06AE-49BC-A28E-DDEDE672C463}.AppStore|iPhoneSimulator.ActiveCfg = Release|Any CPU
		{A7C1129F-06AE-49BC-A28E-DDEDE672C463}.AppStore|iPhoneSimulator.Build.0 = Release|Any CPU
		{A7C1129F-06AE-49BC-A28E-DDEDE672C463}.AppStore|iPhoneSimulator.Deploy.0 = Release|Any CPU
		{A7C1129F-06AE-49BC-A28E-DDEDE672C463}.AppStore|x64.ActiveCfg = Release|Any CPU
		{A7C1129F-06AE-49BC-A28E-DDEDE672C463}.AppStore|x64.Build.0 = Release|Any CPU
		{A7C1129F-06AE-49BC-A28E-DDEDE672C463}.AppStore|x64.Deploy.0 = Release|Any CPU
		{A7C1129F-06AE-49BC-A28E-DDEDE672C463}.AppStore|x86.ActiveCfg = Release|Any CPU
		{A7C1129F-06AE-49BC-A28E-DDEDE672C463}.AppStore|x86.Build.0 = Release|Any CPU
		{A7C1129F-06AE-49BC-A28E-DDEDE672C463}.AppStore|x86.Deploy.0 = Release|Any CPU
		{A7C1129F-06AE-49BC-A28E-DDEDE672C463}.Debug|Any CPU.ActiveCfg = Debug|Any CPU
		{A7C1129F-06AE-49BC-A28E-DDEDE672C463}.Debug|Any CPU.Build.0 = Debug|Any CPU
		{A7C1129F-06AE-49BC-A28E-DDEDE672C463}.Debug|Any CPU.Deploy.0 = Debug|Any CPU
		{A7C1129F-06AE-49BC-A28E-DDEDE672C463}.Debug|ARM.ActiveCfg = Debug|Any CPU
		{A7C1129F-06AE-49BC-A28E-DDEDE672C463}.Debug|ARM.Build.0 = Debug|Any CPU
		{A7C1129F-06AE-49BC-A28E-DDEDE672C463}.Debug|ARM.Deploy.0 = Debug|Any CPU
		{A7C1129F-06AE-49BC-A28E-DDEDE672C463}.Debug|ARM64.ActiveCfg = Debug|Any CPU
		{A7C1129F-06AE-49BC-A28E-DDEDE672C463}.Debug|ARM64.Build.0 = Debug|Any CPU
		{A7C1129F-06AE-49BC-A28E-DDEDE672C463}.Debug|ARM64.Deploy.0 = Debug|Any CPU
		{A7C1129F-06AE-49BC-A28E-DDEDE672C463}.Debug|iPhone.ActiveCfg = Debug|Any CPU
		{A7C1129F-06AE-49BC-A28E-DDEDE672C463}.Debug|iPhone.Build.0 = Debug|Any CPU
		{A7C1129F-06AE-49BC-A28E-DDEDE672C463}.Debug|iPhone.Deploy.0 = Debug|Any CPU
		{A7C1129F-06AE-49BC-A28E-DDEDE672C463}.Debug|iPhoneSimulator.ActiveCfg = Debug|Any CPU
		{A7C1129F-06AE-49BC-A28E-DDEDE672C463}.Debug|iPhoneSimulator.Build.0 = Debug|Any CPU
		{A7C1129F-06AE-49BC-A28E-DDEDE672C463}.Debug|iPhoneSimulator.Deploy.0 = Debug|Any CPU
		{A7C1129F-06AE-49BC-A28E-DDEDE672C463}.Debug|x64.ActiveCfg = Debug|Any CPU
		{A7C1129F-06AE-49BC-A28E-DDEDE672C463}.Debug|x64.Build.0 = Debug|Any CPU
		{A7C1129F-06AE-49BC-A28E-DDEDE672C463}.Debug|x64.Deploy.0 = Debug|Any CPU
		{A7C1129F-06AE-49BC-A28E-DDEDE672C463}.Debug|x86.ActiveCfg = Debug|Any CPU
		{A7C1129F-06AE-49BC-A28E-DDEDE672C463}.Debug|x86.Build.0 = Debug|Any CPU
		{A7C1129F-06AE-49BC-A28E-DDEDE672C463}.Debug|x86.Deploy.0 = Debug|Any CPU
		{A7C1129F-06AE-49BC-A28E-DDEDE672C463}.Release|Any CPU.ActiveCfg = Release|Any CPU
		{A7C1129F-06AE-49BC-A28E-DDEDE672C463}.Release|Any CPU.Build.0 = Release|Any CPU
		{A7C1129F-06AE-49BC-A28E-DDEDE672C463}.Release|Any CPU.Deploy.0 = Release|Any CPU
		{A7C1129F-06AE-49BC-A28E-DDEDE672C463}.Release|ARM.ActiveCfg = Release|Any CPU
		{A7C1129F-06AE-49BC-A28E-DDEDE672C463}.Release|ARM.Build.0 = Release|Any CPU
		{A7C1129F-06AE-49BC-A28E-DDEDE672C463}.Release|ARM.Deploy.0 = Release|Any CPU
		{A7C1129F-06AE-49BC-A28E-DDEDE672C463}.Release|ARM64.ActiveCfg = Release|Any CPU
		{A7C1129F-06AE-49BC-A28E-DDEDE672C463}.Release|ARM64.Build.0 = Release|Any CPU
		{A7C1129F-06AE-49BC-A28E-DDEDE672C463}.Release|ARM64.Deploy.0 = Release|Any CPU
		{A7C1129F-06AE-49BC-A28E-DDEDE672C463}.Release|iPhone.ActiveCfg = Release|Any CPU
		{A7C1129F-06AE-49BC-A28E-DDEDE672C463}.Release|iPhone.Build.0 = Release|Any CPU
		{A7C1129F-06AE-49BC-A28E-DDEDE672C463}.Release|iPhone.Deploy.0 = Release|Any CPU
		{A7C1129F-06AE-49BC-A28E-DDEDE672C463}.Release|iPhoneSimulator.ActiveCfg = Release|Any CPU
		{A7C1129F-06AE-49BC-A28E-DDEDE672C463}.Release|iPhoneSimulator.Build.0 = Release|Any CPU
		{A7C1129F-06AE-49BC-A28E-DDEDE672C463}.Release|iPhoneSimulator.Deploy.0 = Release|Any CPU
		{A7C1129F-06AE-49BC-A28E-DDEDE672C463}.Release|x64.ActiveCfg = Release|Any CPU
		{A7C1129F-06AE-49BC-A28E-DDEDE672C463}.Release|x64.Build.0 = Release|Any CPU
		{A7C1129F-06AE-49BC-A28E-DDEDE672C463}.Release|x64.Deploy.0 = Release|Any CPU
		{A7C1129F-06AE-49BC-A28E-DDEDE672C463}.Release|x86.ActiveCfg = Release|Any CPU
		{A7C1129F-06AE-49BC-A28E-DDEDE672C463}.Release|x86.Build.0 = Release|Any CPU
		{A7C1129F-06AE-49BC-A28E-DDEDE672C463}.Release|x86.Deploy.0 = Release|Any CPU
	EndGlobalSection
	GlobalSection(SolutionProperties) = preSolution
		HideSolutionNode = FALSE
	EndGlobalSection
EndGlobal
